
Microsoft Visual Studio Solution File, Format Version 12.00
# Visual Studio Version 17
VisualStudioVersion = 17.2.32526.322
MinimumVisualStudioVersion = 10.0.40219.1
Project("{FAE04EC0-301F-11D3-BF4B-00C04F79EFBC}") = "Sample1", "Sample1\Sample1.csproj", "{0387955F-CEAD-488B-AED0-FCE68F764FBA}"
EndProject
Global
	GlobalSection(SolutionConfigurationPlatforms) = preSolution
		Debug|Any CPU = Debug|Any CPU
		Release|Any CPU = Release|Any CPU
	EndGlobalSection
	GlobalSection(ProjectConfigurationPlatforms) = postSolution
		{0387955F-CEAD-488B-AED0-FCE68F764FBA}.Debug|Any CPU.ActiveCfg = Debug|Any CPU
		{0387955F-CEAD-488B-AED0-FCE68F764FBA}.Debug|Any CPU.Build.0 = Debug|Any CPU
		{0387955F-CEAD-488B-AED0-FCE68F764FBA}.Release|Any CPU.ActiveCfg = Release|Any CPU
		{0387955F-CEAD-488B-AED0-FCE68F764FBA}.Release|Any CPU.Build.0 = Release|Any CPU
	EndGlobalSection
	GlobalSection(SolutionProperties) = preSolution
		HideSolutionNode = FALSE
	EndGlobalSection
	GlobalSection(ExtensibilityGlobals) = postSolution
		SolutionGuid = {01130EF4-981B-4EB7-BCB1-B19EF5207B36}
	EndGlobalSection
EndGlobal
